
Microsoft Visual Studio Solution File, Format Version 12.00
# Visual Studio 2013
VisualStudioVersion = 12.0.21005.1
MinimumVisualStudioVersion = 10.0.40219.1
Project("{2150E333-8FDC-42A3-9474-1A3956D46DE8}") = "Domain", "Domain", "{FEACFEFE-4B07-47D2-A3D3-8B301103E7C0}"
EndProject
Project("{2150E333-8FDC-42A3-9474-1A3956D46DE8}") = "WebUi", "WebUi", "{EC4FE6A4-A01C-45AE-9FD1-E042447BC244}"
EndProject
Project("{FAE04EC0-301F-11D3-BF4B-00C04F79EFBC}") = "Domain.Entity", "Domain.Entity\Domain.Entity.csproj", "{6C309F6C-6A30-4D3C-913F-49560B3A7905}"
EndProject
Project("{FAE04EC0-301F-11D3-BF4B-00C04F79EFBC}") = "FytMsys.Web", "FytMsys.Web\FytMsys.Web.csproj", "{905798AE-6FF6-4C3A-B0CC-6BD0F3708CE4}"
EndProject
Project("{FAE04EC0-301F-11D3-BF4B-00C04F79EFBC}") = "Domain.ViewModel", "Domain.ViewModel\Domain.ViewModel.csproj", "{A24829C7-211D-49C0-873E-D1FBB2A479D9}"
EndProject
Project("{2150E333-8FDC-42A3-9474-1A3956D46DE8}") = "BusinessLogic", "BusinessLogic", "{F85CB83E-26D8-46A4-99B3-CEB921247487}"
EndProject
Project("{2150E333-8FDC-42A3-9474-1A3956D46DE8}") = "Repository", "Repository", "{BD5A21C7-C639-49D3-A1F3-2B33E112EE11}"
EndProject
Project("{FAE04EC0-301F-11D3-BF4B-00C04F79EFBC}") = "FytMsys.DALMSSQL", "FytMsys.DALMSSQL\FytMsys.DALMSSQL.csproj", "{DAE9472A-A2FC-46F6-88E8-1FF23014CE1D}"
EndProject
Project("{FAE04EC0-301F-11D3-BF4B-00C04F79EFBC}") = "BusinessLogic.Server", "BusinessLogic.Server\BusinessLogic.Server.csproj", "{B57EA6A2-6DEE-4514-A6BD-C832E28D543F}"
EndProject
Project("{2150E333-8FDC-42A3-9474-1A3956D46DE8}") = "Common", "Common", "{2CC995A0-A2AF-42BD-A0F6-8CC1A3A6ECAC}"
EndProject
Project("{FAE04EC0-301F-11D3-BF4B-00C04F79EFBC}") = "FytMsys.Common", "FytMsys.Common\FytMsys.Common.csproj", "{5A2A5705-79AC-41D0-893C-2FFCE8D200EC}"
EndProject
Project("{FAE04EC0-301F-11D3-BF4B-00C04F79EFBC}") = "FytMsys.Helper", "FytMsys.Helper\FytMsys.Helper.csproj", "{A749693F-A74F-4269-B792-10E14EDB0EFD}"
EndProject
Project("{FAE04EC0-301F-11D3-BF4B-00C04F79EFBC}") = "FytMsys.Logic.Admin", "FytMsys.Logic.Admin\FytMsys.Logic.Admin.csproj", "{4B8CFEED-6AB3-4617-A8DB-80E4ABD9C106}"
EndProject
Project("{2150E333-8FDC-42A3-9474-1A3956D46DE8}") = "Vector", "Vector", "{C0AE0145-3CB6-4D3D-8DD2-778BF9835598}"
EndProject
Project("{FAE04EC0-301F-11D3-BF4B-00C04F79EFBC}") = "FytMsys.Vector", "FytMsys.Vector\FytMsys.Vector.csproj", "{D819C429-CD9D-4725-BAA1-4CE3A681360D}"
EndProject
Global
	GlobalSection(SolutionConfigurationPlatforms) = preSolution
		Debug|Any CPU = Debug|Any CPU
		Release|Any CPU = Release|Any CPU
	EndGlobalSection
	GlobalSection(ProjectConfigurationPlatforms) = postSolution
		{6C309F6C-6A30-4D3C-913F-49560B3A7905}.Debug|Any CPU.ActiveCfg = Debug|Any CPU
		{6C309F6C-6A30-4D3C-913F-49560B3A7905}.Debug|Any CPU.Build.0 = Debug|Any CPU
		{6C309F6C-6A30-4D3C-913F-49560B3A7905}.Release|Any CPU.ActiveCfg = Release|Any CPU
		{6C309F6C-6A30-4D3C-913F-49560B3A7905}.Release|Any CPU.Build.0 = Release|Any CPU
		{905798AE-6FF6-4C3A-B0CC-6BD0F3708CE4}.Debug|Any CPU.ActiveCfg = Debug|Any CPU
		{905798AE-6FF6-4C3A-B0CC-6BD0F3708CE4}.Debug|Any CPU.Build.0 = Debug|Any CPU
		{905798AE-6FF6-4C3A-B0CC-6BD0F3708CE4}.Release|Any CPU.ActiveCfg = Release|Any CPU
		{905798AE-6FF6-4C3A-B0CC-6BD0F3708CE4}.Release|Any CPU.Build.0 = Release|Any CPU
		{A24829C7-211D-49C0-873E-D1FBB2A479D9}.Debug|Any CPU.ActiveCfg = Debug|Any CPU
		{A24829C7-211D-49C0-873E-D1FBB2A479D9}.Debug|Any CPU.Build.0 = Debug|Any CPU
		{A24829C7-211D-49C0-873E-D1FBB2A479D9}.Release|Any CPU.ActiveCfg = Release|Any CPU
		{A24829C7-211D-49C0-873E-D1FBB2A479D9}.Release|Any CPU.Build.0 = Release|Any CPU
		{DAE9472A-A2FC-46F6-88E8-1FF23014CE1D}.Debug|Any CPU.ActiveCfg = Debug|Any CPU
		{DAE9472A-A2FC-46F6-88E8-1FF23014CE1D}.Debug|Any CPU.Build.0 = Debug|Any CPU
		{DAE9472A-A2FC-46F6-88E8-1FF23014CE1D}.Release|Any CPU.ActiveCfg = Release|Any CPU
		{DAE9472A-A2FC-46F6-88E8-1FF23014CE1D}.Release|Any CPU.Build.0 = Release|Any CPU
		{B57EA6A2-6DEE-4514-A6BD-C832E28D543F}.Debug|Any CPU.ActiveCfg = Debug|Any CPU
		{B57EA6A2-6DEE-4514-A6BD-C832E28D543F}.Debug|Any CPU.Build.0 = Debug|Any CPU
		{B57EA6A2-6DEE-4514-A6BD-C832E28D543F}.Release|Any CPU.ActiveCfg = Release|Any CPU
		{B57EA6A2-6DEE-4514-A6BD-C832E28D543F}.Release|Any CPU.Build.0 = Release|Any CPU
		{5A2A5705-79AC-41D0-893C-2FFCE8D200EC}.Debug|Any CPU.ActiveCfg = Debug|Any CPU
		{5A2A5705-79AC-41D0-893C-2FFCE8D200EC}.Debug|Any CPU.Build.0 = Debug|Any CPU
		{5A2A5705-79AC-41D0-893C-2FFCE8D200EC}.Release|Any CPU.ActiveCfg = Release|Any CPU
		{5A2A5705-79AC-41D0-893C-2FFCE8D200EC}.Release|Any CPU.Build.0 = Release|Any CPU
		{A749693F-A74F-4269-B792-10E14EDB0EFD}.Debug|Any CPU.ActiveCfg = Debug|Any CPU
		{A749693F-A74F-4269-B792-10E14EDB0EFD}.Debug|Any CPU.Build.0 = Debug|Any CPU
		{A749693F-A74F-4269-B792-10E14EDB0EFD}.Release|Any CPU.ActiveCfg = Release|Any CPU
		{A749693F-A74F-4269-B792-10E14EDB0EFD}.Release|Any CPU.Build.0 = Release|Any CPU
		{4B8CFEED-6AB3-4617-A8DB-80E4ABD9C106}.Debug|Any CPU.ActiveCfg = Debug|Any CPU
		{4B8CFEED-6AB3-4617-A8DB-80E4ABD9C106}.Debug|Any CPU.Build.0 = Debug|Any CPU
		{4B8CFEED-6AB3-4617-A8DB-80E4ABD9C106}.Release|Any CPU.ActiveCfg = Release|Any CPU
		{4B8CFEED-6AB3-4617-A8DB-80E4ABD9C106}.Release|Any CPU.Build.0 = Release|Any CPU
		{D819C429-CD9D-4725-BAA1-4CE3A681360D}.Debug|Any CPU.ActiveCfg = Debug|Any CPU
		{D819C429-CD9D-4725-BAA1-4CE3A681360D}.Debug|Any CPU.Build.0 = Debug|Any CPU
		{D819C429-CD9D-4725-BAA1-4CE3A681360D}.Release|Any CPU.ActiveCfg = Release|Any CPU
		{D819C429-CD9D-4725-BAA1-4CE3A681360D}.Release|Any CPU.Build.0 = Release|Any CPU
	EndGlobalSection
	GlobalSection(SolutionProperties) = preSolution
		HideSolutionNode = FALSE
	EndGlobalSection
	GlobalSection(NestedProjects) = preSolution
		{6C309F6C-6A30-4D3C-913F-49560B3A7905} = {FEACFEFE-4B07-47D2-A3D3-8B301103E7C0}
		{A24829C7-211D-49C0-873E-D1FBB2A479D9} = {FEACFEFE-4B07-47D2-A3D3-8B301103E7C0}
		{905798AE-6FF6-4C3A-B0CC-6BD0F3708CE4} = {EC4FE6A4-A01C-45AE-9FD1-E042447BC244}
		{A749693F-A74F-4269-B792-10E14EDB0EFD} = {EC4FE6A4-A01C-45AE-9FD1-E042447BC244}
		{4B8CFEED-6AB3-4617-A8DB-80E4ABD9C106} = {EC4FE6A4-A01C-45AE-9FD1-E042447BC244}
		{B57EA6A2-6DEE-4514-A6BD-C832E28D543F} = {F85CB83E-26D8-46A4-99B3-CEB921247487}
		{DAE9472A-A2FC-46F6-88E8-1FF23014CE1D} = {BD5A21C7-C639-49D3-A1F3-2B33E112EE11}
		{5A2A5705-79AC-41D0-893C-2FFCE8D200EC} = {2CC995A0-A2AF-42BD-A0F6-8CC1A3A6ECAC}
		{D819C429-CD9D-4725-BAA1-4CE3A681360D} = {C0AE0145-3CB6-4D3D-8DD2-778BF9835598}
	EndGlobalSection
EndGlobal
